PODS:
  - Nimble (12.0.0)
  - Quick (6.1.0)
  - WormholeWilliam (0.0.4)

DEPENDENCIES:
  - Nimble
  - Quick
  - WormholeWilliam (~> 0.0.4)

SPEC REPOS:
  trunk:
    - Nimble
    - Quick
    - WormholeWilliam

SPEC CHECKSUMS:
  Nimble: 02a4990866e51868303a466970cd1c81bb84a192
  Quick: 6676ffb409bf04abba2ff23902af2407bfc6ac90
  WormholeWilliam: bbb8b8b9a9e59a8fceedd08becc29a069564b75b

PODFILE CHECKSUM: 2937d33f5f376484228765fd616d2647707aa105

COCOAPODS: 1.12.1
