// !$*UTF8*$!
{
	archiveVersion = 1;
	classes = {
	};
	objectVersion = 56;
	objects = {

/* Begin PBXBuildFile section */
		1E4818E84080C2CB33446D6A /* Pods_KollapsTests.framework in Frameworks */ = {isa = PBXBuildFile; fileRef = 7E9C614B3FB0D3A2719FF15E /* Pods_KollapsTests.framework */; };
		38CB43B5D32A856E9B9AFDC4 /* Pods_Kollaps_KollapsUITests.framework in Frameworks */ = {isa = PBXBuildFile; fileRef = 27CC89291128D6710A925677 /* Pods_Kollaps_KollapsUITests.framework */; };
		3A6E026329F2A8FC00F6F321 /* SendView.swift in Sources */ = {isa = PBXBuildFile; fileRef = 3A6E026229F2A8FC00F6F321 /* SendView.swift */; };
		3A6E026529F2B1B400F6F321 /* SenderFile.swift in Sources */ = {isa = PBXBuildFile; fileRef = 3A6E026429F2B1B400F6F321 /* SenderFile.swift */; };
		3A6E026B29F8331700F6F321 /* ReceiveCodeEnterView.swift in Sources */ = {isa = PBXBuildFile; fileRef = 3A6E026A29F8331700F6F321 /* ReceiveCodeEnterView.swift */; };
		3A6E026D29F835B100F6F321 /* ReceiveConfirmView.swift in Sources */ = {isa = PBXBuildFile; fileRef = 3A6E026C29F835B100F6F321 /* ReceiveConfirmView.swift */; };
		3A6E026F29F835D900F6F321 /* ReceiveFileView.swift in Sources */ = {isa = PBXBuildFile; fileRef = 3A6E026E29F835D900F6F321 /* ReceiveFileView.swift */; };
		3A6E027629FA5E8A00F6F321 /* AppState.swift in Sources */ = {isa = PBXBuildFile; fileRef = 3A6E027529FA5E8A00F6F321 /* AppState.swift */; };
		3AEDF09429E1535300A9A5A5 /* KollapsApp.swift in Sources */ = {isa = PBXBuildFile; fileRef = 3AEDF09329E1535300A9A5A5 /* KollapsApp.swift */; };
		3AEDF09629E1535300A9A5A5 /* ContentView.swift in Sources */ = {isa = PBXBuildFile; fileRef = 3AEDF09529E1535300A9A5A5 /* ContentView.swift */; };
		3AEDF09829E1535400A9A5A5 /* Assets.xcassets in Resources */ = {isa = PBXBuildFile; fileRef = 3AEDF09729E1535400A9A5A5 /* Assets.xcassets */; };
		3AEDF09B29E1535400A9A5A5 /* Preview Assets.xcassets in Resources */ = {isa = PBXBuildFile; fileRef = 3AEDF09A29E1535400A9A5A5 /* Preview Assets.xcassets */; };
		3AEDF0A629E1535400A9A5A5 /* KollapsTests.swift in Sources */ = {isa = PBXBuildFile; fileRef = 3AEDF0A529E1535400A9A5A5 /* KollapsTests.swift */; };
		3AEDF0B029E1535400A9A5A5 /* KollapsUITests.swift in Sources */ = {isa = PBXBuildFile; fileRef = 3AEDF0AF29E1535400A9A5A5 /* KollapsUITests.swift */; };
		3AEDF0B229E1535400A9A5A5 /* KollapsUITestsLaunchTests.swift in Sources */ = {isa = PBXBuildFile; fileRef = 3AEDF0B129E1535400A9A5A5 /* KollapsUITestsLaunchTests.swift */; };
		3AEDF0C029E1537600A9A5A5 /* SenderBase.swift in Sources */ = {isa = PBXBuildFile; fileRef = 3AEDF0BF29E1537600A9A5A5 /* SenderBase.swift */; };
		3AEDF0C229E1538C00A9A5A5 /* SenderText.swift in Sources */ = {isa = PBXBuildFile; fileRef = 3AEDF0C129E1538C00A9A5A5 /* SenderText.swift */; };
		3AEDF0C629E1554700A9A5A5 /* ReceiveView.swift in Sources */ = {isa = PBXBuildFile; fileRef = 3AEDF0C529E1554700A9A5A5 /* ReceiveView.swift */; };
		BA87F56F11291F3497C70A9A /* Pods_Kollaps.framework in Frameworks */ = {isa = PBXBuildFile; fileRef = FF913E0A4630A955C9B74778 /* Pods_Kollaps.framework */; };
/* End PBXBuildFile section */

/* Begin PBXContainerItemProxy section */
		3AEDF0A229E1535400A9A5A5 /* PBXContainerItemProxy */ = {
			isa = PBXContainerItemProxy;
			containerPortal = 3AEDF08829E1535300A9A5A5 /* Project object */;
			proxyType = 1;
			remoteGlobalIDString = 3AEDF08F29E1535300A9A5A5;
			remoteInfo = Kollaps;
		};
		3AEDF0AC29E1535400A9A5A5 /* PBXContainerItemProxy */ = {
			isa = PBXContainerItemProxy;
			containerPortal = 3AEDF08829E1535300A9A5A5 /* Project object */;
			proxyType = 1;
			remoteGlobalIDString = 3AEDF08F29E1535300A9A5A5;
			remoteInfo = Kollaps;
		};
/* End PBXContainerItemProxy section */

/* Begin PBXFileReference section */
		0B84E838CB1AC1E870406618 /* Pods-KollapsTests.release.xcconfig */ = {isa = PBXFileReference; includeInIndex = 1; lastKnownFileType = text.xcconfig; name = "Pods-KollapsTests.release.xcconfig"; path = "Target Support Files/Pods-KollapsTests/Pods-KollapsTests.release.xcconfig"; sourceTree = "<group>"; };
		1043D02CCCD92B18CC598531 /* Pods-Kollaps.release.xcconfig */ = {isa = PBXFileReference; includeInIndex = 1; lastKnownFileType = text.xcconfig; name = "Pods-Kollaps.release.xcconfig"; path = "Target Support Files/Pods-Kollaps/Pods-Kollaps.release.xcconfig"; sourceTree = "<group>"; };
		142F3236D48427A9CB62581F /* Pods-Kollaps-KollapsUITests.release.xcconfig */ = {isa = PBXFileReference; includeInIndex = 1; lastKnownFileType = text.xcconfig; name = "Pods-Kollaps-KollapsUITests.release.xcconfig"; path = "Target Support Files/Pods-Kollaps-KollapsUITests/Pods-Kollaps-KollapsUITests.release.xcconfig"; sourceTree = "<group>"; };
		27CC89291128D6710A925677 /* Pods_Kollaps_KollapsUITests.framework */ = {isa = PBXFileReference; explicitFileType = wrapper.framework; includeInIndex = 0; path = Pods_Kollaps_KollapsUITests.framework; sourceTree = BUILT_PRODUCTS_DIR; };
		3A6E026229F2A8FC00F6F321 /* SendView.swift */ = {isa = PBXFileReference; lastKnownFileType = sourcecode.swift; path = SendView.swift; sourceTree = "<group>"; };
		3A6E026429F2B1B400F6F321 /* SenderFile.swift */ = {isa = PBXFileReference; lastKnownFileType = sourcecode.swift; path = SenderFile.swift; sourceTree = "<group>"; };
		3A6E026A29F8331700F6F321 /* ReceiveCodeEnterView.swift */ = {isa = PBXFileReference; lastKnownFileType = sourcecode.swift; path = ReceiveCodeEnterView.swift; sourceTree = "<group>"; };
		3A6E026C29F835B100F6F321 /* ReceiveConfirmView.swift */ = {isa = PBXFileReference; lastKnownFileType = sourcecode.swift; path = ReceiveConfirmView.swift; sourceTree = "<group>"; };
		3A6E026E29F835D900F6F321 /* ReceiveFileView.swift */ = {isa = PBXFileReference; lastKnownFileType = sourcecode.swift; path = ReceiveFileView.swift; sourceTree = "<group>"; };
		3A6E027529FA5E8A00F6F321 /* AppState.swift */ = {isa = PBXFileReference; lastKnownFileType = sourcecode.swift; path = AppState.swift; sourceTree = "<group>"; };
		3AEDF09029E1535300A9A5A5 /* Kollaps.app */ = {isa = PBXFileReference; explicitFileType = wrapper.application; includeInIndex = 0; path = Kollaps.app; sourceTree = BUILT_PRODUCTS_DIR; };
		3AEDF09329E1535300A9A5A5 /* KollapsApp.swift */ = {isa = PBXFileReference; lastKnownFileType = sourcecode.swift; path = KollapsApp.swift; sourceTree = "<group>"; };
		3AEDF09529E1535300A9A5A5 /* ContentView.swift */ = {isa = PBXFileReference; lastKnownFileType = sourcecode.swift; path = ContentView.swift; sourceTree = "<group>"; };
		3AEDF09729E1535400A9A5A5 /* Assets.xcassets */ = {isa = PBXFileReference; lastKnownFileType = folder.assetcatalog; path = Assets.xcassets; sourceTree = "<group>"; };
		3AEDF09A29E1535400A9A5A5 /* Preview Assets.xcassets */ = {isa = PBXFileReference; lastKnownFileType = folder.assetcatalog; path = "Preview Assets.xcassets"; sourceTree = "<group>"; };
		3AEDF09C29E1535400A9A5A5 /* Kollaps.entitlements */ = {isa = PBXFileReference; lastKnownFileType = text.plist.entitlements; path = Kollaps.entitlements; sourceTree = "<group>"; };
		3AEDF0A129E1535400A9A5A5 /* KollapsTests.xctest */ = {isa = PBXFileReference; explicitFileType = wrapper.cfbundle; includeInIndex = 0; path = KollapsTests.xctest; sourceTree = BUILT_PRODUCTS_DIR; };
		3AEDF0A529E1535400A9A5A5 /* KollapsTests.swift */ = {isa = PBXFileReference; lastKnownFileType = sourcecode.swift; path = KollapsTests.swift; sourceTree = "<group>"; };
		3AEDF0AB29E1535400A9A5A5 /* KollapsUITests.xctest */ = {isa = PBXFileReference; explicitFileType = wrapper.cfbundle; includeInIndex = 0; path = KollapsUITests.xctest; sourceTree = BUILT_PRODUCTS_DIR; };
		3AEDF0AF29E1535400A9A5A5 /* KollapsUITests.swift */ = {isa = PBXFileReference; lastKnownFileType = sourcecode.swift; path = KollapsUITests.swift; sourceTree = "<group>"; };
		3AEDF0B129E1535400A9A5A5 /* KollapsUITestsLaunchTests.swift */ = {isa = PBXFileReference; lastKnownFileType = sourcecode.swift; path = KollapsUITestsLaunchTests.swift; sourceTree = "<group>"; };
		3AEDF0BF29E1537600A9A5A5 /* SenderBase.swift */ = {isa = PBXFileReference; lastKnownFileType = sourcecode.swift; path = SenderBase.swift; sourceTree = "<group>"; };
		3AEDF0C129E1538C00A9A5A5 /* SenderText.swift */ = {isa = PBXFileReference; lastKnownFileType = sourcecode.swift; path = SenderText.swift; sourceTree = "<group>"; };
		3AEDF0C529E1554700A9A5A5 /* ReceiveView.swift */ = {isa = PBXFileReference; lastKnownFileType = sourcecode.swift; path = ReceiveView.swift; sourceTree = "<group>"; };
		41AD06D1FA261DAA98E0F1C6 /* Pods-Kollaps.debug.xcconfig */ = {isa = PBXFileReference; includeInIndex = 1; lastKnownFileType = text.xcconfig; name = "Pods-Kollaps.debug.xcconfig"; path = "Target Support Files/Pods-Kollaps/Pods-Kollaps.debug.xcconfig"; sourceTree = "<group>"; };
		4DDE44B0F5EC946B8AB9C155 /* Pods-Kollaps-KollapsUITests.debug.xcconfig */ = {isa = PBXFileReference; includeInIndex = 1; lastKnownFileType = text.xcconfig; name = "Pods-Kollaps-KollapsUITests.debug.xcconfig"; path = "Target Support Files/Pods-Kollaps-KollapsUITests/Pods-Kollaps-KollapsUITests.debug.xcconfig"; sourceTree = "<group>"; };
		591F804D667FEB313E30C772 /* Pods-KollapsTests.debug.xcconfig */ = {isa = PBXFileReference; includeInIndex = 1; lastKnownFileType = text.xcconfig; name = "Pods-KollapsTests.debug.xcconfig"; path = "Target Support Files/Pods-KollapsTests/Pods-KollapsTests.debug.xcconfig"; sourceTree = "<group>"; };
		7E9C614B3FB0D3A2719FF15E /* Pods_KollapsTests.framework */ = {isa = PBXFileReference; explicitFileType = wrapper.framework; includeInIndex = 0; path = Pods_KollapsTests.framework; sourceTree = BUILT_PRODUCTS_DIR; };
		FF913E0A4630A955C9B74778 /* Pods_Kollaps.framework */ = {isa = PBXFileReference; explicitFileType = wrapper.framework; includeInIndex = 0; path = Pods_Kollaps.framework; sourceTree = BUILT_PRODUCTS_DIR; };
/* End PBXFileReference section */

/* Begin PBXFrameworksBuildPhase section */
		3AEDF08D29E1535300A9A5A5 /* Frameworks */ = {
			isa = PBXFrameworksBuildPhase;
			buildActionMask = 2147483647;
			files = (
				BA87F56F11291F3497C70A9A /* Pods_Kollaps.framework in Frameworks */,
			);
			runOnlyForDeploymentPostprocessing = 0;
		};
		3AEDF09E29E1535400A9A5A5 /* Frameworks */ = {
			isa = PBXFrameworksBuildPhase;
			buildActionMask = 2147483647;
			files = (
				1E4818E84080C2CB33446D6A /* Pods_KollapsTests.framework in Frameworks */,
			);
			runOnlyForDeploymentPostprocessing = 0;
		};
		3AEDF0A829E1535400A9A5A5 /* Frameworks */ = {
			isa = PBXFrameworksBuildPhase;
			buildActionMask = 2147483647;
			files = (
				38CB43B5D32A856E9B9AFDC4 /* Pods_Kollaps_KollapsUITests.framework in Frameworks */,
			);
			runOnlyForDeploymentPostprocessing = 0;
		};
/* End PBXFrameworksBuildPhase section */

/* Begin PBXGroup section */
		3A6E027029FA5DD500F6F321 /* Receive */ = {
			isa = PBXGroup;
			children = (
				3A6E026E29F835D900F6F321 /* ReceiveFileView.swift */,
				3A6E026A29F8331700F6F321 /* ReceiveCodeEnterView.swift */,
				3A6E026C29F835B100F6F321 /* ReceiveConfirmView.swift */,
				3AEDF0C529E1554700A9A5A5 /* ReceiveView.swift */,
			);
			path = Receive;
			sourceTree = "<group>";
		};
		3AEDF08729E1535300A9A5A5 = {
			isa = PBXGroup;
			children = (
				3AEDF0BE29E1535F00A9A5A5 /* Wormhole */,
				3AEDF09229E1535300A9A5A5 /* Kollaps */,
				3AEDF0A429E1535400A9A5A5 /* KollapsTests */,
				3AEDF0AE29E1535400A9A5A5 /* KollapsUITests */,
				3AEDF09129E1535300A9A5A5 /* Products */,
				E050E6CCE3B35391FB4A12FC /* Pods */,
				5911D5EE8FD7CA7E27E00FF8 /* Frameworks */,
			);
			sourceTree = "<group>";
		};
		3AEDF09129E1535300A9A5A5 /* Products */ = {
			isa = PBXGroup;
			children = (
				3AEDF09029E1535300A9A5A5 /* Kollaps.app */,
				3AEDF0A129E1535400A9A5A5 /* KollapsTests.xctest */,
				3AEDF0AB29E1535400A9A5A5 /* KollapsUITests.xctest */,
			);
			name = Products;
			sourceTree = "<group>";
		};
		3AEDF09229E1535300A9A5A5 /* Kollaps */ = {
			isa = PBXGroup;
			children = (
				3A6E027029FA5DD500F6F321 /* Receive */,
				3AEDF09329E1535300A9A5A5 /* KollapsApp.swift */,
				3AEDF09529E1535300A9A5A5 /* ContentView.swift */,
				3AEDF09729E1535400A9A5A5 /* Assets.xcassets */,
				3AEDF09C29E1535400A9A5A5 /* Kollaps.entitlements */,
				3AEDF09929E1535400A9A5A5 /* Preview Content */,
				3A6E026229F2A8FC00F6F321 /* SendView.swift */,
				3A6E027529FA5E8A00F6F321 /* AppState.swift */,
			);
			path = Kollaps;
			sourceTree = "<group>";
		};
		3AEDF09929E1535400A9A5A5 /* Preview Content */ = {
			isa = PBXGroup;
			children = (
				3AEDF09A29E1535400A9A5A5 /* Preview Assets.xcassets */,
			);
			path = "Preview Content";
			sourceTree = "<group>";
		};
		3AEDF0A429E1535400A9A5A5 /* KollapsTests */ = {
			isa = PBXGroup;
			children = (
				3AEDF0A529E1535400A9A5A5 /* KollapsTests.swift */,
			);
			path = KollapsTests;
			sourceTree = "<group>";
		};
		3AEDF0AE29E1535400A9A5A5 /* KollapsUITests */ = {
			isa = PBXGroup;
			children = (
				3AEDF0AF29E1535400A9A5A5 /* KollapsUITests.swift */,
				3AEDF0B129E1535400A9A5A5 /* KollapsUITestsLaunchTests.swift */,
			);
			path = KollapsUITests;
			sourceTree = "<group>";
		};
		3AEDF0BE29E1535F00A9A5A5 /* Wormhole */ = {
			isa = PBXGroup;
			children = (
				3AEDF0BF29E1537600A9A5A5 /* SenderBase.swift */,
				3AEDF0C129E1538C00A9A5A5 /* SenderText.swift */,
				3A6E026429F2B1B400F6F321 /* SenderFile.swift */,
			);
			path = Wormhole;
			sourceTree = "<group>";
		};
		5911D5EE8FD7CA7E27E00FF8 /* Frameworks */ = {
			isa = PBXGroup;
			children = (
				FF913E0A4630A955C9B74778 /* Pods_Kollaps.framework */,
				27CC89291128D6710A925677 /* Pods_Kollaps_KollapsUITests.framework */,
				7E9C614B3FB0D3A2719FF15E /* Pods_KollapsTests.framework */,
			);
			name = Frameworks;
			sourceTree = "<group>";
		};
		E050E6CCE3B35391FB4A12FC /* Pods */ = {
			isa = PBXGroup;
			children = (
				41AD06D1FA261DAA98E0F1C6 /* Pods-Kollaps.debug.xcconfig */,
				1043D02CCCD92B18CC598531 /* Pods-Kollaps.release.xcconfig */,
				4DDE44B0F5EC946B8AB9C155 /* Pods-Kollaps-KollapsUITests.debug.xcconfig */,
				142F3236D48427A9CB62581F /* Pods-Kollaps-KollapsUITests.release.xcconfig */,
				591F804D667FEB313E30C772 /* Pods-KollapsTests.debug.xcconfig */,
				0B84E838CB1AC1E870406618 /* Pods-KollapsTests.release.xcconfig */,
			);
			path = Pods;
			sourceTree = "<group>";
		};
/* End PBXGroup section */

/* Begin PBXNativeTarget section */
		3AEDF08F29E1535300A9A5A5 /* Kollaps */ = {
			isa = PBXNativeTarget;
			buildConfigurationList = 3AEDF0B529E1535400A9A5A5 /* Build configuration list for PBXNativeTarget "Kollaps" */;
			buildPhases = (
				98FE9CE7A49DED26B0683954 /* [CP] Check Pods Manifest.lock */,
				3AEDF08C29E1535300A9A5A5 /* Sources */,
				3AEDF08D29E1535300A9A5A5 /* Frameworks */,
				3AEDF08E29E1535300A9A5A5 /* Resources */,
				186C907CA3C9AE6F6FD4AD8F /* [CP] Embed Pods Frameworks */,
			);
			buildRules = (
			);
			dependencies = (
			);
			name = Kollaps;
			productName = Kollaps;
			productReference = 3AEDF09029E1535300A9A5A5 /* Kollaps.app */;
			productType = "com.apple.product-type.application";
		};
		3AEDF0A029E1535400A9A5A5 /* KollapsTests */ = {
			isa = PBXNativeTarget;
			buildConfigurationList = 3AEDF0B829E1535400A9A5A5 /* Build configuration list for PBXNativeTarget "KollapsTests" */;
			buildPhases = (
				F33E95553BD871952F3A5938 /* [CP] Check Pods Manifest.lock */,
				3AEDF09D29E1535400A9A5A5 /* Sources */,
				3AEDF09E29E1535400A9A5A5 /* Frameworks */,
				3AEDF09F29E1535400A9A5A5 /* Resources */,
			);
			buildRules = (
			);
			dependencies = (
				3AEDF0A329E1535400A9A5A5 /* PBXTargetDependency */,
			);
			name = KollapsTests;
			productName = KollapsTests;
			productReference = 3AEDF0A129E1535400A9A5A5 /* KollapsTests.xctest */;
			productType = "com.apple.product-type.bundle.unit-test";
		};
		3AEDF0AA29E1535400A9A5A5 /* KollapsUITests */ = {
			isa = PBXNativeTarget;
			buildConfigurationList = 3AEDF0BB29E1535400A9A5A5 /* Build configuration list for PBXNativeTarget "KollapsUITests" */;
			buildPhases = (
				F0D80E23AE8F298B52A6CAAF /* [CP] Check Pods Manifest.lock */,
				3AEDF0A729E1535400A9A5A5 /* Sources */,
				3AEDF0A829E1535400A9A5A5 /* Frameworks */,
				3AEDF0A929E1535400A9A5A5 /* Resources */,
				DF253660D87116E324EF0053 /* [CP] Embed Pods Frameworks */,
			);
			buildRules = (
			);
			dependencies = (
				3AEDF0AD29E1535400A9A5A5 /* PBXTargetDependency */,
			);
			name = KollapsUITests;
			productName = KollapsUITests;
			productReference = 3AEDF0AB29E1535400A9A5A5 /* KollapsUITests.xctest */;
			productType = "com.apple.product-type.bundle.ui-testing";
		};
/* End PBXNativeTarget section */

/* Begin PBXProject section */
		3AEDF08829E1535300A9A5A5 /* Project object */ = {
			isa = PBXProject;
			attributes = {
				BuildIndependentTargetsInParallel = 1;
				LastSwiftUpdateCheck = 1430;
				LastUpgradeCheck = 1430;
				TargetAttributes = {
					3AEDF08F29E1535300A9A5A5 = {
						CreatedOnToolsVersion = 14.3;
					};
					3AEDF0A029E1535400A9A5A5 = {
						CreatedOnToolsVersion = 14.3;
						TestTargetID = 3AEDF08F29E1535300A9A5A5;
					};
					3AEDF0AA29E1535400A9A5A5 = {
						CreatedOnToolsVersion = 14.3;
						TestTargetID = 3AEDF08F29E1535300A9A5A5;
					};
				};
			};
			buildConfigurationList = 3AEDF08B29E1535300A9A5A5 /* Build configuration list for PBXProject "Kollaps" */;
			compatibilityVersion = "Xcode 14.0";
			developmentRegion = en;
			hasScannedForEncodings = 0;
			knownRegions = (
				en,
				Base,
			);
			mainGroup = 3AEDF08729E1535300A9A5A5;
			productRefGroup = 3AEDF09129E1535300A9A5A5 /* Products */;
			projectDirPath = "";
			projectRoot = "";
			targets = (
				3AEDF08F29E1535300A9A5A5 /* Kollaps */,
				3AEDF0A029E1535400A9A5A5 /* KollapsTests */,
				3AEDF0AA29E1535400A9A5A5 /* KollapsUITests */,
			);
		};
/* End PBXProject section */

/* Begin PBXResourcesBuildPhase section */
		3AEDF08E29E1535300A9A5A5 /* Resources */ = {
			isa = PBXResourcesBuildPhase;
			buildActionMask = 2147483647;
			files = (
				3AEDF09B29E1535400A9A5A5 /* Preview Assets.xcassets in Resources */,
				3AEDF09829E1535400A9A5A5 /* Assets.xcassets in Resources */,
			);
			runOnlyForDeploymentPostprocessing = 0;
		};
		3AEDF09F29E1535400A9A5A5 /* Resources */ = {
			isa = PBXResourcesBuildPhase;
			buildActionMask = 2147483647;
			files = (
			);
			runOnlyForDeploymentPostprocessing = 0;
		};
		3AEDF0A929E1535400A9A5A5 /* Resources */ = {
			isa = PBXResourcesBuildPhase;
			buildActionMask = 2147483647;
			files = (
			);
			runOnlyForDeploymentPostprocessing = 0;
		};
/* End PBXResourcesBuildPhase section */

/* Begin PBXShellScriptBuildPhase section */
		186C907CA3C9AE6F6FD4AD8F /* [CP] Embed Pods Frameworks */ = {
			isa = PBXShellScriptBuildPhase;
			buildActionMask = 2147483647;
			files = (
			);
			inputFileListPaths = (
				"${PODS_ROOT}/Target Support Files/Pods-Kollaps/Pods-Kollaps-frameworks-${CONFIGURATION}-input-files.xcfilelist",
			);
			name = "[CP] Embed Pods Frameworks";
			outputFileListPaths = (
				"${PODS_ROOT}/Target Support Files/Pods-Kollaps/Pods-Kollaps-frameworks-${CONFIGURATION}-output-files.xcfilelist",
			);
			runOnlyForDeploymentPostprocessing = 0;
			shellPath = /bin/sh;
			shellScript = "\"${PODS_ROOT}/Target Support Files/Pods-Kollaps/Pods-Kollaps-frameworks.sh\"\n";
			showEnvVarsInLog = 0;
		};
		98FE9CE7A49DED26B0683954 /* [CP] Check Pods Manifest.lock */ = {
			isa = PBXShellScriptBuildPhase;
			buildActionMask = 2147483647;
			files = (
			);
			inputFileListPaths = (
			);
			inputPaths = (
				"${PODS_PODFILE_DIR_PATH}/Podfile.lock",
				"${PODS_ROOT}/Manifest.lock",
			);
			name = "[CP] Check Pods Manifest.lock";
			outputFileListPaths = (
			);
			outputPaths = (
				"$(DERIVED_FILE_DIR)/Pods-Kollaps-checkManifestLockResult.txt",
			);
			runOnlyForDeploymentPostprocessing = 0;
			shellPath = /bin/sh;
			shellScript = "diff \"${PODS_PODFILE_DIR_PATH}/Podfile.lock\" \"${PODS_ROOT}/Manifest.lock\" > /dev/null\nif [ $? != 0 ] ; then\n    # print error to STDERR\n    echo \"error: The sandbox is not in sync with the Podfile.lock. Run 'pod install' or update your CocoaPods installation.\" >&2\n    exit 1\nfi\n# This output is used by Xcode 'outputs' to avoid re-running this script phase.\necho \"SUCCESS\" > \"${SCRIPT_OUTPUT_FILE_0}\"\n";
			showEnvVarsInLog = 0;
		};
		DF253660D87116E324EF0053 /* [CP] Embed Pods Frameworks */ = {
			isa = PBXShellScriptBuildPhase;
			buildActionMask = 2147483647;
			files = (
			);
			inputFileListPaths = (
				"${PODS_ROOT}/Target Support Files/Pods-Kollaps-KollapsUITests/Pods-Kollaps-KollapsUITests-frameworks-${CONFIGURATION}-input-files.xcfilelist",
			);
			name = "[CP] Embed Pods Frameworks";
			outputFileListPaths = (
				"${PODS_ROOT}/Target Support Files/Pods-Kollaps-KollapsUITests/Pods-Kollaps-KollapsUITests-frameworks-${CONFIGURATION}-output-files.xcfilelist",
			);
			runOnlyForDeploymentPostprocessing = 0;
			shellPath = /bin/sh;
			shellScript = "\"${PODS_ROOT}/Target Support Files/Pods-Kollaps-KollapsUITests/Pods-Kollaps-KollapsUITests-frameworks.sh\"\n";
			showEnvVarsInLog = 0;
		};
		F0D80E23AE8F298B52A6CAAF /* [CP] Check Pods Manifest.lock */ = {
			isa = PBXShellScriptBuildPhase;
			buildActionMask = 2147483647;
			files = (
			);
			inputFileListPaths = (
			);
			inputPaths = (
				"${PODS_PODFILE_DIR_PATH}/Podfile.lock",
				"${PODS_ROOT}/Manifest.lock",
			);
			name = "[CP] Check Pods Manifest.lock";
			outputFileListPaths = (
			);
			outputPaths = (
				"$(DERIVED_FILE_DIR)/Pods-Kollaps-KollapsUITests-checkManifestLockResult.txt",
			);
			runOnlyForDeploymentPostprocessing = 0;
			shellPath = /bin/sh;
			shellScript = "diff \"${PODS_PODFILE_DIR_PATH}/Podfile.lock\" \"${PODS_ROOT}/Manifest.lock\" > /dev/null\nif [ $? != 0 ] ; then\n    # print error to STDERR\n    echo \"error: The sandbox is not in sync with the Podfile.lock. Run 'pod install' or update your CocoaPods installation.\" >&2\n    exit 1\nfi\n# This output is used by Xcode 'outputs' to avoid re-running this script phase.\necho \"SUCCESS\" > \"${SCRIPT_OUTPUT_FILE_0}\"\n";
			showEnvVarsInLog = 0;
		};
		F33E95553BD871952F3A5938 /* [CP] Check Pods Manifest.lock */ = {
			isa = PBXShellScriptBuildPhase;
			buildActionMask = 2147483647;
			files = (
			);
			inputFileListPaths = (
			);
			inputPaths = (
				"${PODS_PODFILE_DIR_PATH}/Podfile.lock",
				"${PODS_ROOT}/Manifest.lock",
			);
			name = "[CP] Check Pods Manifest.lock";
			outputFileListPaths = (
			);
			outputPaths = (
				"$(DERIVED_FILE_DIR)/Pods-KollapsTests-checkManifestLockResult.txt",
			);
			runOnlyForDeploymentPostprocessing = 0;
			shellPath = /bin/sh;
			shellScript = "diff \"${PODS_PODFILE_DIR_PATH}/Podfile.lock\" \"${PODS_ROOT}/Manifest.lock\" > /dev/null\nif [ $? != 0 ] ; then\n    # print error to STDERR\n    echo \"error: The sandbox is not in sync with the Podfile.lock. Run 'pod install' or update your CocoaPods installation.\" >&2\n    exit 1\nfi\n# This output is used by Xcode 'outputs' to avoid re-running this script phase.\necho \"SUCCESS\" > \"${SCRIPT_OUTPUT_FILE_0}\"\n";
			showEnvVarsInLog = 0;
		};
/* End PBXShellScriptBuildPhase section */

/* Begin PBXSourcesBuildPhase section */
		3AEDF08C29E1535300A9A5A5 /* Sources */ = {
			isa = PBXSourcesBuildPhase;
			buildActionMask = 2147483647;
			files = (
				3A6E026D29F835B100F6F321 /* ReceiveConfirmView.swift in Sources */,
				3AEDF09629E1535300A9A5A5 /* ContentView.swift in Sources */,
				3A6E026529F2B1B400F6F321 /* SenderFile.swift in Sources */,
				3AEDF0C229E1538C00A9A5A5 /* SenderText.swift in Sources */,
				3A6E026329F2A8FC00F6F321 /* SendView.swift in Sources */,
				3A6E026B29F8331700F6F321 /* ReceiveCodeEnterView.swift in Sources */,
				3A6E027629FA5E8A00F6F321 /* AppState.swift in Sources */,
				3AEDF0C629E1554700A9A5A5 /* ReceiveView.swift in Sources */,
				3AEDF0C029E1537600A9A5A5 /* SenderBase.swift in Sources */,
				3A6E026F29F835D900F6F321 /* ReceiveFileView.swift in Sources */,
				3AEDF09429E1535300A9A5A5 /* KollapsApp.swift in Sources */,
			);
			runOnlyForDeploymentPostprocessing = 0;
		};
		3AEDF09D29E1535400A9A5A5 /* Sources */ = {
			isa = PBXSourcesBuildPhase;
			buildActionMask = 2147483647;
			files = (
				3AEDF0A629E1535400A9A5A5 /* KollapsTests.swift in Sources */,
			);
			runOnlyForDeploymentPostprocessing = 0;
		};
		3AEDF0A729E1535400A9A5A5 /* Sources */ = {
			isa = PBXSourcesBuildPhase;
			buildActionMask = 2147483647;
			files = (
				3AEDF0B029E1535400A9A5A5 /* KollapsUITests.swift in Sources */,
				3AEDF0B229E1535400A9A5A5 /* KollapsUITestsLaunchTests.swift in Sources */,
			);
			runOnlyForDeploymentPostprocessing = 0;
		};
/* End PBXSourcesBuildPhase section */

/* Begin PBXTargetDependency section */
		3AEDF0A329E1535400A9A5A5 /* PBXTargetDependency */ = {
			isa = PBXTargetDependency;
			target = 3AEDF08F29E1535300A9A5A5 /* Kollaps */;
			targetProxy = 3AEDF0A229E1535400A9A5A5 /* PBXContainerItemProxy */;
		};
		3AEDF0AD29E1535400A9A5A5 /* PBXTargetDependency */ = {
			isa = PBXTargetDependency;
			target = 3AEDF08F29E1535300A9A5A5 /* Kollaps */;
			targetProxy = 3AEDF0AC29E1535400A9A5A5 /* PBXContainerItemProxy */;
		};
/* End PBXTargetDependency section */

/* Begin XCBuildConfiguration section */
		3AEDF0B329E1535400A9A5A5 /* Debug */ = {
			isa = XCBuildConfiguration;
			buildSettings = {
				ALWAYS_SEARCH_USER_PATHS = NO;
				CLANG_ANALYZER_NONNULL = YES;
				CLANG_ANALYZER_NUMBER_OBJECT_CONVERSION = YES_AGGRESSIVE;
				CLANG_CXX_LANGUAGE_STANDARD = "gnu++20";
				CLANG_ENABLE_MODULES = YES;
				CLANG_ENABLE_OBJC_ARC = YES;
				CLANG_ENABLE_OBJC_WEAK = YES;
				CLANG_WARN_BLOCK_CAPTURE_AUTORELEASING = YES;
				CLANG_WARN_BOOL_CONVERSION = YES;
				CLANG_WARN_COMMA = YES;
				CLANG_WARN_CONSTANT_CONVERSION = YES;
				CLANG_WARN_DEPRECATED_OBJC_IMPLEMENTATIONS = YES;
				CLANG_WARN_DIRECT_OBJC_ISA_USAGE = YES_ERROR;
				CLANG_WARN_DOCUMENTATION_COMMENTS = YES;
				CLANG_WARN_EMPTY_BODY = YES;
				CLANG_WARN_ENUM_CONVERSION = YES;
				CLANG_WARN_INFINITE_RECURSION = YES;
				CLANG_WARN_INT_CONVERSION = YES;
				CLANG_WARN_NON_LITERAL_NULL_CONVERSION = YES;
				CLANG_WARN_OBJC_IMPLICIT_RETAIN_SELF = YES;
				CLANG_WARN_OBJC_LITERAL_CONVERSION = YES;
				CLANG_WARN_OBJC_ROOT_CLASS = YES_ERROR;
				CLANG_WARN_QUOTED_INCLUDE_IN_FRAMEWORK_HEADER = YES;
				CLANG_WARN_RANGE_LOOP_ANALYSIS = YES;
				CLANG_WARN_STRICT_PROTOTYPES = YES;
				CLANG_WARN_SUSPICIOUS_MOVE = YES;
				CLANG_WARN_UNGUARDED_AVAILABILITY = YES_AGGRESSIVE;
				CLANG_WARN_UNREACHABLE_CODE = YES;
				CLANG_WARN__DUPLICATE_METHOD_MATCH = YES;
				COPY_PHASE_STRIP = NO;
				DEAD_CODE_STRIPPING = YES;
				DEBUG_INFORMATION_FORMAT = dwarf;
				ENABLE_STRICT_OBJC_MSGSEND = YES;
				ENABLE_TESTABILITY = YES;
				GCC_C_LANGUAGE_STANDARD = gnu11;
				GCC_DYNAMIC_NO_PIC = NO;
				GCC_NO_COMMON_BLOCKS = YES;
				GCC_OPTIMIZATION_LEVEL = 0;
				GCC_PREPROCESSOR_DEFINITIONS = (
					"DEBUG=1",
					"$(inherited)",
				);
				GCC_WARN_64_TO_32_BIT_CONVERSION = YES;
				GCC_WARN_ABOUT_RETURN_TYPE = YES_ERROR;
				GCC_WARN_UNDECLARED_SELECTOR = YES;
				GCC_WARN_UNINITIALIZED_AUTOS = YES_AGGRESSIVE;
				GCC_WARN_UNUSED_FUNCTION = YES;
				GCC_WARN_UNUSED_VARIABLE = YES;
				MACOSX_DEPLOYMENT_TARGET = 13.3;
				MTL_ENABLE_DEBUG_INFO = INCLUDE_SOURCE;
				MTL_FAST_MATH = YES;
				ONLY_ACTIVE_ARCH = YES;
				SDKROOT = macosx;
				SWIFT_ACTIVE_COMPILATION_CONDITIONS = DEBUG;
				SWIFT_OPTIMIZATION_LEVEL = "-Onone";
			};
			name = Debug;
		};
		3AEDF0B429E1535400A9A5A5 /* Release */ = {
			isa = XCBuildConfiguration;
			buildSettings = {
				ALWAYS_SEARCH_USER_PATHS = NO;
				CLANG_ANALYZER_NONNULL = YES;
				CLANG_ANALYZER_NUMBER_OBJECT_CONVERSION = YES_AGGRESSIVE;
				CLANG_CXX_LANGUAGE_STANDARD = "gnu++20";
				CLANG_ENABLE_MODULES = YES;
				CLANG_ENABLE_OBJC_ARC = YES;
				CLANG_ENABLE_OBJC_WEAK = YES;
				CLANG_WARN_BLOCK_CAPTURE_AUTORELEASING = YES;
				CLANG_WARN_BOOL_CONVERSION = YES;
				CLANG_WARN_COMMA = YES;
				CLANG_WARN_CONSTANT_CONVERSION = YES;
				CLANG_WARN_DEPRECATED_OBJC_IMPLEMENTATIONS = YES;
				CLANG_WARN_DIRECT_OBJC_ISA_USAGE = YES_ERROR;
				CLANG_WARN_DOCUMENTATION_COMMENTS = YES;
				CLANG_WARN_EMPTY_BODY = YES;
				CLANG_WARN_ENUM_CONVERSION = YES;
				CLANG_WARN_INFINITE_RECURSION = YES;
				CLANG_WARN_INT_CONVERSION = YES;
				CLANG_WARN_NON_LITERAL_NULL_CONVERSION = YES;
				CLANG_WARN_OBJC_IMPLICIT_RETAIN_SELF = YES;
				CLANG_WARN_OBJC_LITERAL_CONVERSION = YES;
				CLANG_WARN_OBJC_ROOT_CLASS = YES_ERROR;
				CLANG_WARN_QUOTED_INCLUDE_IN_FRAMEWORK_HEADER = YES;
				CLANG_WARN_RANGE_LOOP_ANALYSIS = YES;
				CLANG_WARN_STRICT_PROTOTYPES = YES;
				CLANG_WARN_SUSPICIOUS_MOVE = YES;
				CLANG_WARN_UNGUARDED_AVAILABILITY = YES_AGGRESSIVE;
				CLANG_WARN_UNREACHABLE_CODE = YES;
				CLANG_WARN__DUPLICATE_METHOD_MATCH = YES;
				COPY_PHASE_STRIP = NO;
				DEAD_CODE_STRIPPING = YES;
				DEBUG_INFORMATION_FORMAT = "dwarf-with-dsym";
				ENABLE_NS_ASSERTIONS = NO;
				ENABLE_STRICT_OBJC_MSGSEND = YES;
				GCC_C_LANGUAGE_STANDARD = gnu11;
				GCC_NO_COMMON_BLOCKS = YES;
				GCC_WARN_64_TO_32_BIT_CONVERSION = YES;
				GCC_WARN_ABOUT_RETURN_TYPE = YES_ERROR;
				GCC_WARN_UNDECLARED_SELECTOR = YES;
				GCC_WARN_UNINITIALIZED_AUTOS = YES_AGGRESSIVE;
				GCC_WARN_UNUSED_FUNCTION = YES;
				GCC_WARN_UNUSED_VARIABLE = YES;
				MACOSX_DEPLOYMENT_TARGET = 13.3;
				MTL_ENABLE_DEBUG_INFO = NO;
				MTL_FAST_MATH = YES;
				SDKROOT = macosx;
				SWIFT_COMPILATION_MODE = wholemodule;
				SWIFT_OPTIMIZATION_LEVEL = "-O";
			};
			name = Release;
		};
		3AEDF0B629E1535400A9A5A5 /* Debug */ = {
			isa = XCBuildConfiguration;
			baseConfigurationReference = 41AD06D1FA261DAA98E0F1C6 /* Pods-Kollaps.debug.xcconfig */;
			buildSettings = {
				ASSETCATALOG_COMPILER_APPICON_NAME = AppIcon;
				ASSETCATALOG_COMPILER_GLOBAL_ACCENT_COLOR_NAME = AccentColor;
				CODE_SIGN_ENTITLEMENTS = Kollaps/Kollaps.entitlements;
				CODE_SIGN_STYLE = Automatic;
				COMBINE_HIDPI_IMAGES = YES;
				CURRENT_PROJECT_VERSION = 1;
				DEAD_CODE_STRIPPING = YES;
				DEVELOPMENT_ASSET_PATHS = "\"Kollaps/Preview Content\"";
				ENABLE_PREVIEWS = YES;
				GENERATE_INFOPLIST_FILE = YES;
				INFOPLIST_KEY_NSHumanReadableCopyright = "";
				LD_RUNPATH_SEARCH_PATHS = (
					"$(inherited)",
					"@executable_path/../Frameworks",
				);
				MARKETING_VERSION = 1.0;
				PRODUCT_BUNDLE_IDENTIFIER = dev.Cogitri.Kollaps;
				PRODUCT_NAME = "$(TARGET_NAME)";
				SWIFT_EMIT_LOC_STRINGS = YES;
				SWIFT_VERSION = 5.0;
			};
			name = Debug;
		};
		3AEDF0B729E1535400A9A5A5 /* Release */ = {
			isa = XCBuildConfiguration;
			baseConfigurationReference = 1043D02CCCD92B18CC598531 /* Pods-Kollaps.release.xcconfig */;
			buildSettings = {
				ASSETCATALOG_COMPILER_APPICON_NAME = AppIcon;
				ASSETCATALOG_COMPILER_GLOBAL_ACCENT_COLOR_NAME = AccentColor;
				CODE_SIGN_ENTITLEMENTS = Kollaps/Kollaps.entitlements;
				CODE_SIGN_STYLE = Automatic;
				COMBINE_HIDPI_IMAGES = YES;
				CURRENT_PROJECT_VERSION = 1;
				DEAD_CODE_STRIPPING = YES;
				DEVELOPMENT_ASSET_PATHS = "\"Kollaps/Preview Content\"";
				ENABLE_PREVIEWS = YES;
				GENERATE_INFOPLIST_FILE = YES;
				INFOPLIST_KEY_NSHumanReadableCopyright = "";
				LD_RUNPATH_SEARCH_PATHS = (
					"$(inherited)",
					"@executable_path/../Frameworks",
				);
				MARKETING_VERSION = 1.0;
				PRODUCT_BUNDLE_IDENTIFIER = dev.Cogitri.Kollaps;
				PRODUCT_NAME = "$(TARGET_NAME)";
				SWIFT_EMIT_LOC_STRINGS = YES;
				SWIFT_VERSION = 5.0;
			};
			name = Release;
		};
		3AEDF0B929E1535400A9A5A5 /* Debug */ = {
			isa = XCBuildConfiguration;
			baseConfigurationReference = 591F804D667FEB313E30C772 /* Pods-KollapsTests.debug.xcconfig */;
			buildSettings = {
				ALWAYS_EMBED_SWIFT_STANDARD_LIBRARIES = YES;
				BUNDLE_LOADER = "$(TEST_HOST)";
				CODE_SIGN_STYLE = Automatic;
				CURRENT_PROJECT_VERSION = 1;
				DEAD_CODE_STRIPPING = YES;
				GENERATE_INFOPLIST_FILE = YES;
				MACOSX_DEPLOYMENT_TARGET = 13.3;
				MARKETING_VERSION = 1.0;
				PRODUCT_BUNDLE_IDENTIFIER = dev.Cogitri.KollapsTests;
				PRODUCT_NAME = "$(TARGET_NAME)";
				SWIFT_EMIT_LOC_STRINGS = NO;
				SWIFT_VERSION = 5.0;
				TEST_HOST = "$(BUILT_PRODUCTS_DIR)/Kollaps.app/$(BUNDLE_EXECUTABLE_FOLDER_PATH)/Kollaps";
			};
			name = Debug;
		};
		3AEDF0BA29E1535400A9A5A5 /* Release */ = {
			isa = XCBuildConfiguration;
			baseConfigurationReference = 0B84E838CB1AC1E870406618 /* Pods-KollapsTests.release.xcconfig */;
			buildSettings = {
				ALWAYS_EMBED_SWIFT_STANDARD_LIBRARIES = YES;
				BUNDLE_LOADER = "$(TEST_HOST)";
				CODE_SIGN_STYLE = Automatic;
				CURRENT_PROJECT_VERSION = 1;
				DEAD_CODE_STRIPPING = YES;
				GENERATE_INFOPLIST_FILE = YES;
				MACOSX_DEPLOYMENT_TARGET = 13.3;
				MARKETING_VERSION = 1.0;
				PRODUCT_BUNDLE_IDENTIFIER = dev.Cogitri.KollapsTests;
				PRODUCT_NAME = "$(TARGET_NAME)";
				SWIFT_EMIT_LOC_STRINGS = NO;
				SWIFT_VERSION = 5.0;
				TEST_HOST = "$(BUILT_PRODUCTS_DIR)/Kollaps.app/$(BUNDLE_EXECUTABLE_FOLDER_PATH)/Kollaps";
			};
			name = Release;
		};
		3AEDF0BC29E1535400A9A5A5 /* Debug */ = {
			isa = XCBuildConfiguration;
			baseConfigurationReference = 4DDE44B0F5EC946B8AB9C155 /* Pods-Kollaps-KollapsUITests.debug.xcconfig */;
			buildSettings = {
				ALWAYS_EMBED_SWIFT_STANDARD_LIBRARIES = YES;
				CODE_SIGN_STYLE = Automatic;
				CURRENT_PROJECT_VERSION = 1;
				DEAD_CODE_STRIPPING = YES;
				GENERATE_INFOPLIST_FILE = YES;
				MARKETING_VERSION = 1.0;
				PRODUCT_BUNDLE_IDENTIFIER = dev.Cogitri.KollapsUITests;
				PRODUCT_NAME = "$(TARGET_NAME)";
				SWIFT_EMIT_LOC_STRINGS = NO;
				SWIFT_VERSION = 5.0;
				TEST_TARGET_NAME = Kollaps;
			};
			name = Debug;
		};
		3AEDF0BD29E1535400A9A5A5 /* Release */ = {
			isa = XCBuildConfiguration;
			baseConfigurationReference = 142F3236D48427A9CB62581F /* Pods-Kollaps-KollapsUITests.release.xcconfig */;
			buildSettings = {
				ALWAYS_EMBED_SWIFT_STANDARD_LIBRARIES = YES;
				CODE_SIGN_STYLE = Automatic;
				CURRENT_PROJECT_VERSION = 1;
				DEAD_CODE_STRIPPING = YES;
				GENERATE_INFOPLIST_FILE = YES;
				MARKETING_VERSION = 1.0;
				PRODUCT_BUNDLE_IDENTIFIER = dev.Cogitri.KollapsUITests;
				PRODUCT_NAME = "$(TARGET_NAME)";
				SWIFT_EMIT_LOC_STRINGS = NO;
				SWIFT_VERSION = 5.0;
				TEST_TARGET_NAME = Kollaps;
			};
			name = Release;
		};
/* End XCBuildConfiguration section */

/* Begin XCConfigurationList section */
		3AEDF08B29E1535300A9A5A5 /* Build configuration list for PBXProject "Kollaps" */ = {
			isa = XCConfigurationList;
			buildConfigurations = (
				3AEDF0B329E1535400A9A5A5 /* Debug */,
				3AEDF0B429E1535400A9A5A5 /* Release */,
			);
			defaultConfigurationIsVisible = 0;
			defaultConfigurationName = Release;
		};
		3AEDF0B529E1535400A9A5A5 /* Build configuration list for PBXNativeTarget "Kollaps" */ = {
			isa = XCConfigurationList;
			buildConfigurations = (
				3AEDF0B629E1535400A9A5A5 /* Debug */,
				3AEDF0B729E1535400A9A5A5 /* Release */,
			);
			defaultConfigurationIsVisible = 0;
			defaultConfigurationName = Release;
		};
		3AEDF0B829E1535400A9A5A5 /* Build configuration list for PBXNativeTarget "KollapsTests" */ = {
			isa = XCConfigurationList;
			buildConfigurations = (
				3AEDF0B929E1535400A9A5A5 /* Debug */,
				3AEDF0BA29E1535400A9A5A5 /* Release */,
			);
			defaultConfigurationIsVisible = 0;
			defaultConfigurationName = Release;
		};
		3AEDF0BB29E1535400A9A5A5 /* Build configuration list for PBXNativeTarget "KollapsUITests" */ = {
			isa = XCConfigurationList;
			buildConfigurations = (
				3AEDF0BC29E1535400A9A5A5 /* Debug */,
				3AEDF0BD29E1535400A9A5A5 /* Release */,
			);
			defaultConfigurationIsVisible = 0;
			defaultConfigurationName = Release;
		};
/* End XCConfigurationList section */
	};
	rootObject = 3AEDF08829E1535300A9A5A5 /* Project object */;
}
